// !$*UTF8*$!
{
	archiveVersion = 1;
	classes = {
	};
	objectVersion = 56;
	objects = {

/* Begin PBXBuildFile section */
		4046D68629106FF600FE69C1 /* Onboarding_Demo__SwiftUI_App.swift in Sources */ = {isa = PBXBuildFile; fileRef = 4046D68529106FF600FE69C1 /* Onboarding_Demo__SwiftUI_App.swift */; };
		4046D68829106FF600FE69C1 /* ContentView.swift in Sources */ = {isa = PBXBuildFile; fileRef = 4046D68729106FF600FE69C1 /* ContentView.swift */; };
		4046D68A29106FF800FE69C1 /* Assets.xcassets in Resources */ = {isa = PBXBuildFile; fileRef = 4046D68929106FF800FE69C1 /* Assets.xcassets */; };
		4046D68D29106FF800FE69C1 /* Preview Assets.xcassets in Resources */ = {isa = PBXBuildFile; fileRef = 4046D68C29106FF800FE69C1 /* Preview Assets.xcassets */; };
		4046D69729106FF800FE69C1 /* Onboarding_Demo__SwiftUI_Tests.swift in Sources */ = {isa = PBXBuildFile; fileRef = 4046D69629106FF800FE69C1 /* Onboarding_Demo__SwiftUI_Tests.swift */; };
		4046D6A129106FF800FE69C1 /* Onboarding_Demo__SwiftUI_UITests.swift in Sources */ = {isa = PBXBuildFile; fileRef = 4046D6A029106FF800FE69C1 /* Onboarding_Demo__SwiftUI_UITests.swift */; };
		4046D6A329106FF800FE69C1 /* Onboarding_Demo__SwiftUI_UITestsLaunchTests.swift in Sources */ = {isa = PBXBuildFile; fileRef = 4046D6A229106FF800FE69C1 /* Onboarding_Demo__SwiftUI_UITestsLaunchTests.swift */; };
/* End PBXBuildFile section */

/* Begin PBXContainerItemProxy section */
		4046D69329106FF800FE69C1 /* PBXContainerItemProxy */ = {
			isa = PBXContainerItemProxy;
			containerPortal = 4046D67A29106FF600FE69C1 /* Project object */;
			proxyType = 1;
			remoteGlobalIDString = 4046D68129106FF600FE69C1;
			remoteInfo = "Onboarding Demo (SwiftUI)";
		};
		4046D69D29106FF800FE69C1 /* PBXContainerItemProxy */ = {
			isa = PBXContainerItemProxy;
			containerPortal = 4046D67A29106FF600FE69C1 /* Project object */;
			proxyType = 1;
			remoteGlobalIDString = 4046D68129106FF600FE69C1;
			remoteInfo = "Onboarding Demo (SwiftUI)";
		};
/* End PBXContainerItemProxy section */

/* Begin PBXFileReference section */
		4046D68229106FF600FE69C1 /* Onboarding Demo (SwiftUI).app */ = {isa = PBXFileReference; explicitFileType = wrapper.application; includeInIndex = 0; path = "Onboarding Demo (SwiftUI).app"; sourceTree = BUILT_PRODUCTS_DIR; };
		4046D68529106FF600FE69C1 /* Onboarding_Demo__SwiftUI_App.swift */ = {isa = PBXFileReference; lastKnownFileType = sourcecode.swift; path = Onboarding_Demo__SwiftUI_App.swift; sourceTree = "<group>"; };
		4046D68729106FF600FE69C1 /* ContentView.swift */ = {isa = PBXFileReference; lastKnownFileType = sourcecode.swift; path = ContentView.swift; sourceTree = "<group>"; };
		4046D68929106FF800FE69C1 /* Assets.xcassets */ = {isa = PBXFileReference; lastKnownFileType = folder.assetcatalog; path = Assets.xcassets; sourceTree = "<group>"; };
		4046D68C29106FF800FE69C1 /* Preview Assets.xcassets */ = {isa = PBXFileReference; lastKnownFileType = folder.assetcatalog; path = "Preview Assets.xcassets"; sourceTree = "<group>"; };
		4046D69229106FF800FE69C1 /* Onboarding Demo (SwiftUI)Tests.xctest */ = {isa = PBXFileReference; explicitFileType = wrapper.cfbundle; includeInIndex = 0; path = "Onboarding Demo (SwiftUI)Tests.xctest"; sourceTree = BUILT_PRODUCTS_DIR; };
		4046D69629106FF800FE69C1 /* Onboarding_Demo__SwiftUI_Tests.swift */ = {isa = PBXFileReference; lastKnownFileType = sourcecode.swift; path = Onboarding_Demo__SwiftUI_Tests.swift; sourceTree = "<group>"; };
		4046D69C29106FF800FE69C1 /* Onboarding Demo (SwiftUI)UITests.xctest */ = {isa = PBXFileReference; explicitFileType = wrapper.cfbundle; includeInIndex = 0; path = "Onboarding Demo (SwiftUI)UITests.xctest"; sourceTree = BUILT_PRODUCTS_DIR; };
		4046D6A029106FF800FE69C1 /* Onboarding_Demo__SwiftUI_UITests.swift */ = {isa = PBXFileReference; lastKnownFileType = sourcecode.swift; path = Onboarding_Demo__SwiftUI_UITests.swift; sourceTree = "<group>"; };
		4046D6A229106FF800FE69C1 /* Onboarding_Demo__SwiftUI_UITestsLaunchTests.swift */ = {isa = PBXFileReference; lastKnownFileType = sourcecode.swift; path = Onboarding_Demo__SwiftUI_UITestsLaunchTests.swift; sourceTree = "<group>"; };
/* End PBXFileReference section */

/* Begin PBXFrameworksBuildPhase section */
		4046D67F29106FF600FE69C1 /* Frameworks */ = {
			isa = PBXFrameworksBuildPhase;
			buildActionMask = 2147483647;
			files = (
			);
			runOnlyForDeploymentPostprocessing = 0;
		};
		4046D68F29106FF800FE69C1 /* Frameworks */ = {
			isa = PBXFrameworksBuildPhase;
			buildActionMask = 2147483647;
			files = (
			);
			runOnlyForDeploymentPostprocessing = 0;
		};
		4046D69929106FF800FE69C1 /* Frameworks */ = {
			isa = PBXFrameworksBuildPhase;
			buildActionMask = 2147483647;
			files = (
			);
			runOnlyForDeploymentPostprocessing = 0;
		};
/* End PBXFrameworksBuildPhase section */

/* Begin PBXGroup section */
		4046D67929106FF600FE69C1 = {
			isa = PBXGroup;
			children = (
				4046D68429106FF600FE69C1 /* Onboarding Demo (SwiftUI) */,
				4046D69529106FF800FE69C1 /* Onboarding Demo (SwiftUI)Tests */,
				4046D69F29106FF800FE69C1 /* Onboarding Demo (SwiftUI)UITests */,
				4046D68329106FF600FE69C1 /* Products */,
			);
			sourceTree = "<group>";
		};
		4046D68329106FF600FE69C1 /* Products */ = {
			isa = PBXGroup;
			children = (
				4046D68229106FF600FE69C1 /* Onboarding Demo (SwiftUI).app */,
				4046D69229106FF800FE69C1 /* Onboarding Demo (SwiftUI)Tests.xctest */,
				4046D69C29106FF800FE69C1 /* Onboarding Demo (SwiftUI)UITests.xctest */,
			);
			name = Products;
			sourceTree = "<group>";
		};
		4046D68429106FF600FE69C1 /* Onboarding Demo (SwiftUI) */ = {
			isa = PBXGroup;
			children = (
				4046D68529106FF600FE69C1 /* Onboarding_Demo__SwiftUI_App.swift */,
				4046D68729106FF600FE69C1 /* ContentView.swift */,
				4046D68929106FF800FE69C1 /* Assets.xcassets */,
				4046D68B29106FF800FE69C1 /* Preview Content */,
			);
			path = "Onboarding Demo (SwiftUI)";
			sourceTree = "<group>";
		};
		4046D68B29106FF800FE69C1 /* Preview Content */ = {
			isa = PBXGroup;
			children = (
				4046D68C29106FF800FE69C1 /* Preview Assets.xcassets */,
			);
			path = "Preview Content";
			sourceTree = "<group>";
		};
		4046D69529106FF800FE69C1 /* Onboarding Demo (SwiftUI)Tests */ = {
			isa = PBXGroup;
			children = (
				4046D69629106FF800FE69C1 /* Onboarding_Demo__SwiftUI_Tests.swift */,
			);
			path = "Onboarding Demo (SwiftUI)Tests";
			sourceTree = "<group>";
		};
		4046D69F29106FF800FE69C1 /* Onboarding Demo (SwiftUI)UITests */ = {
			isa = PBXGroup;
			children = (
				4046D6A029106FF800FE69C1 /* Onboarding_Demo__SwiftUI_UITests.swift */,
				4046D6A229106FF800FE69C1 /* Onboarding_Demo__SwiftUI_UITestsLaunchTests.swift */,
			);
			path = "Onboarding Demo (SwiftUI)UITests";
			sourceTree = "<group>";
		};
/* End PBXGroup section */

/* Begin PBXNativeTarget section */
		4046D68129106FF600FE69C1 /* Onboarding Demo (SwiftUI) */ = {
			isa = PBXNativeTarget;
			buildConfigurationList = 4046D6A629106FF800FE69C1 /* Build configuration list for PBXNativeTarget "Onboarding Demo (SwiftUI)" */;
			buildPhases = (
				4046D67E29106FF600FE69C1 /* Sources */,
				4046D67F29106FF600FE69C1 /* Frameworks */,
				4046D68029106FF600FE69C1 /* Resources */,
			);
			buildRules = (
			);
			dependencies = (
			);
			name = "Onboarding Demo (SwiftUI)";
			productName = "Onboarding Demo (SwiftUI)";
			productReference = 4046D68229106FF600FE69C1 /* Onboarding Demo (SwiftUI).app */;
			productType = "com.apple.product-type.application";
		};
		4046D69129106FF800FE69C1 /* Onboarding Demo (SwiftUI)Tests */ = {
			isa = PBXNativeTarget;
			buildConfigurationList = 4046D6A929106FF800FE69C1 /* Build configuration list for PBXNativeTarget "Onboarding Demo (SwiftUI)Tests" */;
			buildPhases = (
				4046D68E29106FF800FE69C1 /* Sources */,
				4046D68F29106FF800FE69C1 /* Frameworks */,
				4046D69029106FF800FE69C1 /* Resources */,
			);
			buildRules = (
			);
			dependencies = (
				4046D69429106FF800FE69C1 /* PBXTargetDependency */,
			);
			name = "Onboarding Demo (SwiftUI)Tests";
			productName = "Onboarding Demo (SwiftUI)Tests";
			productReference = 4046D69229106FF800FE69C1 /* Onboarding Demo (SwiftUI)Tests.xctest */;
			productType = "com.apple.product-type.bundle.unit-test";
		};
		4046D69B29106FF800FE69C1 /* Onboarding Demo (SwiftUI)UITests */ = {
			isa = PBXNativeTarget;
			buildConfigurationList = 4046D6AC29106FF800FE69C1 /* Build configuration list for PBXNativeTarget "Onboarding Demo (SwiftUI)UITests" */;
			buildPhases = (
				4046D69829106FF800FE69C1 /* Sources */,
				4046D69929106FF800FE69C1 /* Frameworks */,
				4046D69A29106FF800FE69C1 /* Resources */,
			);
			buildRules = (
			);
			dependencies = (
				4046D69E29106FF800FE69C1 /* PBXTargetDependency */,
			);
			name = "Onboarding Demo (SwiftUI)UITests";
			productName = "Onboarding Demo (SwiftUI)UITests";
			productReference = 4046D69C29106FF800FE69C1 /* Onboarding Demo (SwiftUI)UITests.xctest */;
			productType = "com.apple.product-type.bundle.ui-testing";
		};
/* End PBXNativeTarget section */

/* Begin PBXProject section */
		4046D67A29106FF600FE69C1 /* Project object */ = {
			isa = PBXProject;
			attributes = {
				BuildIndependentTargetsInParallel = 1;
				LastSwiftUpdateCheck = 1400;
				LastUpgradeCheck = 1400;
				TargetAttributes = {
					4046D68129106FF600FE69C1 = {
						CreatedOnToolsVersion = 14.0.1;
					};
					4046D69129106FF800FE69C1 = {
						CreatedOnToolsVersion = 14.0.1;
						TestTargetID = 4046D68129106FF600FE69C1;
					};
					4046D69B29106FF800FE69C1 = {
						CreatedOnToolsVersion = 14.0.1;
						TestTargetID = 4046D68129106FF600FE69C1;
					};
				};
			};
			buildConfigurationList = 4046D67D29106FF600FE69C1 /* Build configuration list for PBXProject "Onboarding Demo (SwiftUI)" */;
			compatibilityVersion = "Xcode 14.0";
			developmentRegion = en;
			hasScannedForEncodings = 0;
			knownRegions = (
				en,
				Base,
			);
			mainGroup = 4046D67929106FF600FE69C1;
			productRefGroup = 4046D68329106FF600FE69C1 /* Products */;
			projectDirPath = "";
			projectRoot = "";
			targets = (
				4046D68129106FF600FE69C1 /* Onboarding Demo (SwiftUI) */,
				4046D69129106FF800FE69C1 /* Onboarding Demo (SwiftUI)Tests */,
				4046D69B29106FF800FE69C1 /* Onboarding Demo (SwiftUI)UITests */,
			);
		};
/* End PBXProject section */

/* Begin PBXResourcesBuildPhase section */
		4046D68029106FF600FE69C1 /* Resources */ = {
			isa = PBXResourcesBuildPhase;
			buildActionMask = 2147483647;
			files = (
				4046D68D29106FF800FE69C1 /* Preview Assets.xcassets in Resources */,
				4046D68A29106FF800FE69C1 /* Assets.xcassets in Resources */,
			);
			runOnlyForDeploymentPostprocessing = 0;
		};
		4046D69029106FF800FE69C1 /* Resources */ = {
			isa = PBXResourcesBuildPhase;
			buildActionMask = 2147483647;
			files = (
			);
			runOnlyForDeploymentPostprocessing = 0;
		};
		4046D69A29106FF800FE69C1 /* Resources */ = {
			isa = PBXResourcesBuildPhase;
			buildActionMask = 2147483647;
			files = (
			);
			runOnlyForDeploymentPostprocessing = 0;
		};
/* End PBXResourcesBuildPhase section */

/* Begin PBXSourcesBuildPhase section */
		4046D67E29106FF600FE69C1 /* Sources */ = {
			isa = PBXSourcesBuildPhase;
			buildActionMask = 2147483647;
			files = (
				4046D68829106FF600FE69C1 /* ContentView.swift in Sources */,
				4046D68629106FF600FE69C1 /* Onboarding_Demo__SwiftUI_App.swift in Sources */,
			);
			runOnlyForDeploymentPostprocessing = 0;
		};
		4046D68E29106FF800FE69C1 /* Sources */ = {
			isa = PBXSourcesBuildPhase;
			buildActionMask = 2147483647;
			files = (
				4046D69729106FF800FE69C1 /* Onboarding_Demo__SwiftUI_Tests.swift in Sources */,
			);
			runOnlyForDeploymentPostprocessing = 0;
		};
		4046D69829106FF800FE69C1 /* Sources */ = {
			isa = PBXSourcesBuildPhase;
			buildActionMask = 2147483647;
			files = (
				4046D6A329106FF800FE69C1 /* Onboarding_Demo__SwiftUI_UITestsLaunchTests.swift in Sources */,
				4046D6A129106FF800FE69C1 /* Onboarding_Demo__SwiftUI_UITests.swift in Sources */,
			);
			runOnlyForDeploymentPostprocessing = 0;
		};
/* End PBXSourcesBuildPhase section */

/* Begin PBXTargetDependency section */
		4046D69429106FF800FE69C1 /* PBXTargetDependency */ = {
			isa = PBXTargetDependency;
			target = 4046D68129106FF600FE69C1 /* Onboarding Demo (SwiftUI) */;
			targetProxy = 4046D69329106FF800FE69C1 /* PBXContainerItemProxy */;
		};
		4046D69E29106FF800FE69C1 /* PBXTargetDependency */ = {
			isa = PBXTargetDependency;
			target = 4046D68129106FF600FE69C1 /* Onboarding Demo (SwiftUI) */;
			targetProxy = 4046D69D29106FF800FE69C1 /* PBXContainerItemProxy */;
		};
/* End PBXTargetDependency section */

/* Begin XCBuildConfiguration section */
		4046D6A429106FF800FE69C1 /* Debug */ = {
			isa = XCBuildConfiguration;
			buildSettings = {
				ALWAYS_SEARCH_USER_PATHS = NO;
				CLANG_ANALYZER_NONNULL = YES;
				CLANG_ANALYZER_NUMBER_OBJECT_CONVERSION = YES_AGGRESSIVE;
				CLANG_CXX_LANGUAGE_STANDARD = "gnu++20";
				CLANG_ENABLE_MODULES = YES;
				CLANG_ENABLE_OBJC_ARC = YES;
				CLANG_ENABLE_OBJC_WEAK = YES;
				CLANG_WARN_BLOCK_CAPTURE_AUTORELEASING = YES;
				CLANG_WARN_BOOL_CONVERSION = YES;
				CLANG_WARN_COMMA = YES;
				CLANG_WARN_CONSTANT_CONVERSION = YES;
				CLANG_WARN_DEPRECATED_OBJC_IMPLEMENTATIONS = YES;
				CLANG_WARN_DIRECT_OBJC_ISA_USAGE = YES_ERROR;
				CLANG_WARN_DOCUMENTATION_COMMENTS = YES;
				CLANG_WARN_EMPTY_BODY = YES;
				CLANG_WARN_ENUM_CONVERSION = YES;
				CLANG_WARN_INFINITE_RECURSION = YES;
				CLANG_WARN_INT_CONVERSION = YES;
				CLANG_WARN_NON_LITERAL_NULL_CONVERSION = YES;
				CLANG_WARN_OBJC_IMPLICIT_RETAIN_SELF = YES;
				CLANG_WARN_OBJC_LITERAL_CONVERSION = YES;
				CLANG_WARN_OBJC_ROOT_CLASS = YES_ERROR;
				CLANG_WARN_QUOTED_INCLUDE_IN_FRAMEWORK_HEADER = YES;
				CLANG_WARN_RANGE_LOOP_ANALYSIS = YES;
				CLANG_WARN_STRICT_PROTOTYPES = YES;
				CLANG_WARN_SUSPICIOUS_MOVE = YES;
				CLANG_WARN_UNGUARDED_AVAILABILITY = YES_AGGRESSIVE;
				CLANG_WARN_UNREACHABLE_CODE = YES;
				CLANG_WARN__DUPLICATE_METHOD_MATCH = YES;
				COPY_PHASE_STRIP = NO;
				DEBUG_INFORMATION_FORMAT = dwarf;
				ENABLE_STRICT_OBJC_MSGSEND = YES;
				ENABLE_TESTABILITY = YES;
				GCC_C_LANGUAGE_STANDARD = gnu11;
				GCC_DYNAMIC_NO_PIC = NO;
				GCC_NO_COMMON_BLOCKS = YES;
				GCC_OPTIMIZATION_LEVEL = 0;
				GCC_PREPROCESSOR_DEFINITIONS = (
					"DEBUG=1",
					"$(inherited)",
				);
				GCC_WARN_64_TO_32_BIT_CONVERSION = YES;
				GCC_WARN_ABOUT_RETURN_TYPE = YES_ERROR;
				GCC_WARN_UNDECLARED_SELECTOR = YES;
				GCC_WARN_UNINITIALIZED_AUTOS = YES_AGGRESSIVE;
				GCC_WARN_UNUSED_FUNCTION = YES;
				GCC_WARN_UNUSED_VARIABLE = YES;
				IPHONEOS_DEPLOYMENT_TARGET = 16.0;
				MTL_ENABLE_DEBUG_INFO = INCLUDE_SOURCE;
				MTL_FAST_MATH = YES;
				ONLY_ACTIVE_ARCH = YES;
				SDKROOT = iphoneos;
				SWIFT_ACTIVE_COMPILATION_CONDITIONS = DEBUG;
				SWIFT_OPTIMIZATION_LEVEL = "-Onone";
			};
			name = Debug;
		};
		4046D6A529106FF800FE69C1 /* Release */ = {
			isa = XCBuildConfiguration;
			buildSettings = {
				ALWAYS_SEARCH_USER_PATHS = NO;
				CLANG_ANALYZER_NONNULL = YES;
				CLANG_ANALYZER_NUMBER_OBJECT_CONVERSION = YES_AGGRESSIVE;
				CLANG_CXX_LANGUAGE_STANDARD = "gnu++20";
				CLANG_ENABLE_MODULES = YES;
				CLANG_ENABLE_OBJC_ARC = YES;
				CLANG_ENABLE_OBJC_WEAK = YES;
				CLANG_WARN_BLOCK_CAPTURE_AUTORELEASING = YES;
				CLANG_WARN_BOOL_CONVERSION = YES;
				CLANG_WARN_COMMA = YES;
				CLANG_WARN_CONSTANT_CONVERSION = YES;
				CLANG_WARN_DEPRECATED_OBJC_IMPLEMENTATIONS = YES;
				CLANG_WARN_DIRECT_OBJC_ISA_USAGE = YES_ERROR;
				CLANG_WARN_DOCUMENTATION_COMMENTS = YES;
				CLANG_WARN_EMPTY_BODY = YES;
				CLANG_WARN_ENUM_CONVERSION = YES;
				CLANG_WARN_INFINITE_RECURSION = YES;
				CLANG_WARN_INT_CONVERSION = YES;
				CLANG_WARN_NON_LITERAL_NULL_CONVERSION = YES;
				CLANG_WARN_OBJC_IMPLICIT_RETAIN_SELF = YES;
				CLANG_WARN_OBJC_LITERAL_CONVERSION = YES;
				CLANG_WARN_OBJC_ROOT_CLASS = YES_ERROR;
				CLANG_WARN_QUOTED_INCLUDE_IN_FRAMEWORK_HEADER = YES;
				CLANG_WARN_RANGE_LOOP_ANALYSIS = YES;
				CLANG_WARN_STRICT_PROTOTYPES = YES;
				CLANG_WARN_SUSPICIOUS_MOVE = YES;
				CLANG_WARN_UNGUARDED_AVAILABILITY = YES_AGGRESSIVE;
				CLANG_WARN_UNREACHABLE_CODE = YES;
				CLANG_WARN__DUPLICATE_METHOD_MATCH = YES;
				COPY_PHASE_STRIP = NO;
				DEBUG_INFORMATION_FORMAT = "dwarf-with-dsym";
				ENABLE_NS_ASSERTIONS = NO;
				ENABLE_STRICT_OBJC_MSGSEND = YES;
				GCC_C_LANGUAGE_STANDARD = gnu11;
				GCC_NO_COMMON_BLOCKS = YES;
				GCC_WARN_64_TO_32_BIT_CONVERSION = YES;
				GCC_WARN_ABOUT_RETURN_TYPE = YES_ERROR;
				GCC_WARN_UNDECLARED_SELECTOR = YES;
				GCC_WARN_UNINITIALIZED_AUTOS = YES_AGGRESSIVE;
				GCC_WARN_UNUSED_FUNCTION = YES;
				GCC_WARN_UNUSED_VARIABLE = YES;
				IPHONEOS_DEPLOYMENT_TARGET = 16.0;
				MTL_ENABLE_DEBUG_INFO = NO;
				MTL_FAST_MATH = YES;
				SDKROOT = iphoneos;
				SWIFT_COMPILATION_MODE = wholemodule;
				SWIFT_OPTIMIZATION_LEVEL = "-O";
				VALIDATE_PRODUCT = YES;
			};
			name = Release;
		};
		4046D6A729106FF800FE69C1 /* Debug */ = {
			isa = XCBuildConfiguration;
			buildSettings = {
				ASSETCATALOG_COMPILER_APPICON_NAME = AppIcon;
				ASSETCATALOG_COMPILER_GLOBAL_ACCENT_COLOR_NAME = AccentColor;
				CODE_SIGN_STYLE = Automatic;
				CURRENT_PROJECT_VERSION = 1;
				DEVELOPMENT_ASSET_PATHS = "\"Onboarding Demo (SwiftUI)/Preview Content\"";
				DEVELOPMENT_TEAM = 9B48U74AU3;
				ENABLE_PREVIEWS = YES;
				GENERATE_INFOPLIST_FILE = YES;
				INFOPLIST_KEY_UIApplicationSceneManifest_Generation = YES;
				INFOPLIST_KEY_UIApplicationSupportsIndirectInputEvents = YES;
				INFOPLIST_KEY_UILaunchScreen_Generation = YES;
				INFOPLIST_KEY_UISupportedInterfaceOrientations_iPad = "UIInterfaceOrientationPortrait UIInterfaceOrientationPortraitUpsideDown UIInterfaceOrientationLandscapeLeft UIInterfaceOrientationLandscapeRight";
				INFOPLIST_KEY_UISupportedInterfaceOrientations_iPhone = "UIInterfaceOrientationPortrait UIInterfaceOrientationLandscapeLeft UIInterfaceOrientationLandscapeRight";
				LD_RUNPATH_SEARCH_PATHS = (
					"$(inherited)",
					"@executable_path/Frameworks",
				);
				MARKETING_VERSION = 1.0;
				PRODUCT_BUNDLE_IDENTIFIER = "bugdent.Onboarding-Demo--SwiftUI-";
				PRODUCT_NAME = "$(TARGET_NAME)";
				SWIFT_EMIT_LOC_STRINGS = YES;
				SWIFT_VERSION = 5.0;
				TARGETED_DEVICE_FAMILY = "1,2";
			};
			name = Debug;
		};
		4046D6A829106FF800FE69C1 /* Release */ = {
			isa = XCBuildConfiguration;
			buildSettings = {
				ASSETCATALOG_COMPILER_APPICON_NAME = AppIcon;
				ASSETCATALOG_COMPILER_GLOBAL_ACCENT_COLOR_NAME = AccentColor;
				CODE_SIGN_STYLE = Automatic;
				CURRENT_PROJECT_VERSION = 1;
				DEVELOPMENT_ASSET_PATHS = "\"Onboarding Demo (SwiftUI)/Preview Content\"";
				DEVELOPMENT_TEAM = 9B48U74AU3;
				ENABLE_PREVIEWS = YES;
				GENERATE_INFOPLIST_FILE = YES;
				INFOPLIST_KEY_UIApplicationSceneManifest_Generation = YES;
				INFOPLIST_KEY_UIApplicationSupportsIndirectInputEvents = YES;
				INFOPLIST_KEY_UILaunchScreen_Generation = YES;
				INFOPLIST_KEY_UISupportedInterfaceOrientations_iPad = "UIInterfaceOrientationPortrait UIInterfaceOrientationPortraitUpsideDown UIInterfaceOrientationLandscapeLeft UIInterfaceOrientationLandscapeRight";
				INFOPLIST_KEY_UISupportedInterfaceOrientations_iPhone = "UIInterfaceOrientationPortrait UIInterfaceOrientationLandscapeLeft UIInterfaceOrientationLandscapeRight";
				LD_RUNPATH_SEARCH_PATHS = (
					"$(inherited)",
					"@executable_path/Frameworks",
				);
				MARKETING_VERSION = 1.0;
				PRODUCT_BUNDLE_IDENTIFIER = "bugdent.Onboarding-Demo--SwiftUI-";
				PRODUCT_NAME = "$(TARGET_NAME)";
				SWIFT_EMIT_LOC_STRINGS = YES;
				SWIFT_VERSION = 5.0;
				TARGETED_DEVICE_FAMILY = "1,2";
			};
			name = Release;
		};
		4046D6AA29106FF800FE69C1 /* Debug */ = {
			isa = XCBuildConfiguration;
			buildSettings = {
				ALWAYS_EMBED_SWIFT_STANDARD_LIBRARIES = YES;
				BUNDLE_LOADER = "$(TEST_HOST)";
				CODE_SIGN_STYLE = Automatic;
				CURRENT_PROJECT_VERSION = 1;
				DEVELOPMENT_TEAM = 9B48U74AU3;
				GENERATE_INFOPLIST_FILE = YES;
				IPHONEOS_DEPLOYMENT_TARGET = 16.0;
				MARKETING_VERSION = 1.0;
				PRODUCT_BUNDLE_IDENTIFIER = "bugdent.Onboarding-Demo--SwiftUI-Tests";
				PRODUCT_NAME = "$(TARGET_NAME)";
				SWIFT_EMIT_LOC_STRINGS = NO;
				SWIFT_VERSION = 5.0;
				TARGETED_DEVICE_FAMILY = "1,2";
				TEST_HOST = "$(BUILT_PRODUCTS_DIR)/Onboarding Demo (SwiftUI).app/$(BUNDLE_EXECUTABLE_FOLDER_PATH)/Onboarding Demo (SwiftUI)";
			};
			name = Debug;
		};
		4046D6AB29106FF800FE69C1 /* Release */ = {
			isa = XCBuildConfiguration;
			buildSettings = {
				ALWAYS_EMBED_SWIFT_STANDARD_LIBRARIES = YES;
				BUNDLE_LOADER = "$(TEST_HOST)";
				CODE_SIGN_STYLE = Automatic;
				CURRENT_PROJECT_VERSION = 1;
				DEVELOPMENT_TEAM = 9B48U74AU3;
				GENERATE_INFOPLIST_FILE = YES;
				IPHONEOS_DEPLOYMENT_TARGET = 16.0;
				MARKETING_VERSION = 1.0;
				PRODUCT_BUNDLE_IDENTIFIER = "bugdent.Onboarding-Demo--SwiftUI-Tests";
				PRODUCT_NAME = "$(TARGET_NAME)";
				SWIFT_EMIT_LOC_STRINGS = NO;
				SWIFT_VERSION = 5.0;
				TARGETED_DEVICE_FAMILY = "1,2";
				TEST_HOST = "$(BUILT_PRODUCTS_DIR)/Onboarding Demo (SwiftUI).app/$(BUNDLE_EXECUTABLE_FOLDER_PATH)/Onboarding Demo (SwiftUI)";
			};
			name = Release;
		};
		4046D6AD29106FF800FE69C1 /* Debug */ = {
			isa = XCBuildConfiguration;
			buildSettings = {
				ALWAYS_EMBED_SWIFT_STANDARD_LIBRARIES = YES;
				CODE_SIGN_STYLE = Automatic;
				CURRENT_PROJECT_VERSION = 1;
				DEVELOPMENT_TEAM = 9B48U74AU3;
				GENERATE_INFOPLIST_FILE = YES;
				MARKETING_VERSION = 1.0;
				PRODUCT_BUNDLE_IDENTIFIER = "bugdent.Onboarding-Demo--SwiftUI-UITests";
				PRODUCT_NAME = "$(TARGET_NAME)";
				SWIFT_EMIT_LOC_STRINGS = NO;
				SWIFT_VERSION = 5.0;
				TARGETED_DEVICE_FAMILY = "1,2";
				TEST_TARGET_NAME = "Onboarding Demo (SwiftUI)";
			};
			name = Debug;
		};
		4046D6AE29106FF800FE69C1 /* Release */ = {
			isa = XCBuildConfiguration;
			buildSettings = {
				ALWAYS_EMBED_SWIFT_STANDARD_LIBRARIES = YES;
				CODE_SIGN_STYLE = Automatic;
				CURRENT_PROJECT_VERSION = 1;
				DEVELOPMENT_TEAM = 9B48U74AU3;
				GENERATE_INFOPLIST_FILE = YES;
				MARKETING_VERSION = 1.0;
				PRODUCT_BUNDLE_IDENTIFIER = "bugdent.Onboarding-Demo--SwiftUI-UITests";
				PRODUCT_NAME = "$(TARGET_NAME)";
				SWIFT_EMIT_LOC_STRINGS = NO;
				SWIFT_VERSION = 5.0;
				TARGETED_DEVICE_FAMILY = "1,2";
				TEST_TARGET_NAME = "Onboarding Demo (SwiftUI)";
			};
			name = Release;
		};
/* End XCBuildConfiguration section */

/* Begin XCConfigurationList section */
		4046D67D29106FF600FE69C1 /* Build configuration list for PBXProject "Onboarding Demo (SwiftUI)" */ = {
			isa = XCConfigurationList;
			buildConfigurations = (
				4046D6A429106FF800FE69C1 /* Debug */,
				4046D6A529106FF800FE69C1 /* Release */,
			);
			defaultConfigurationIsVisible = 0;
			defaultConfigurationName = Release;
		};
		4046D6A629106FF800FE69C1 /* Build configuration list for PBXNativeTarget "Onboarding Demo (SwiftUI)" */ = {
			isa = XCConfigurationList;
			buildConfigurations = (
				4046D6A729106FF800FE69C1 /* Debug */,
				4046D6A829106FF800FE69C1 /* Release */,
			);
			defaultConfigurationIsVisible = 0;
			defaultConfigurationName = Release;
		};
		4046D6A929106FF800FE69C1 /* Build configuration list for PBXNativeTarget "Onboarding Demo (SwiftUI)Tests" */ = {
			isa = XCConfigurationList;
			buildConfigurations = (
				4046D6AA29106FF800FE69C1 /* Debug */,
				4046D6AB29106FF800FE69C1 /* Release */,
			);
			defaultConfigurationIsVisible = 0;
			defaultConfigurationName = Release;
		};
		4046D6AC29106FF800FE69C1 /* Build configuration list for PBXNativeTarget "Onboarding Demo (SwiftUI)UITests" */ = {
			isa = XCConfigurationList;
			buildConfigurations = (
				4046D6AD29106FF800FE69C1 /* Debug */,
				4046D6AE29106FF800FE69C1 /* Release */,
			);
			defaultConfigurationIsVisible = 0;
			defaultConfigurationName = Release;
		};
/* End XCConfigurationList section */
	};
	rootObject = 4046D67A29106FF600FE69C1 /* Project object */;
}
